// !$*UTF8*$!
{
	archiveVersion = 1;
	classes = {
	};
	objectVersion = 50;
	objects = {

/* Begin PBXBuildFile section */
		F98FD23B25B9B9CC0050C23A /* AppDelegate.swift in Sources */ = {isa = PBXBuildFile; fileRef = F98FD23A25B9B9CC0050C23A /* AppDelegate.swift */; };
		F98FD23D25B9B9CC0050C23A /* SceneDelegate.swift in Sources */ = {isa = PBXBuildFile; fileRef = F98FD23C25B9B9CC0050C23A /* SceneDelegate.swift */; };
		F98FD23F25B9B9CC0050C23A /* ViewController.swift in Sources */ = {isa = PBXBuildFile; fileRef = F98FD23E25B9B9CC0050C23A /* ViewController.swift */; };
		F98FD24225B9B9CC0050C23A /* Main.storyboard in Resources */ = {isa = PBXBuildFile; fileRef = F98FD24025B9B9CC0050C23A /* Main.storyboard */; };
		F98FD24425B9B9CD0050C23A /* Assets.xcassets in Resources */ = {isa = PBXBuildFile; fileRef = F98FD24325B9B9CD0050C23A /* Assets.xcassets */; };
		F98FD24725B9B9CD0050C23A /* LaunchScreen.storyboard in Resources */ = {isa = PBXBuildFile; fileRef = F98FD24525B9B9CD0050C23A /* LaunchScreen.storyboard */; };
		F98FD25C25B9BAB60050C23A /* TweetView.swift in Sources */ = {isa = PBXBuildFile; fileRef = F98FD25A25B9BAB60050C23A /* TweetView.swift */; };
		F98FD25D25B9BAB60050C23A /* WidgetsJSManager.swift in Sources */ = {isa = PBXBuildFile; fileRef = F98FD25B25B9BAB60050C23A /* WidgetsJSManager.swift */; };
/* End PBXBuildFile section */

/* Begin PBXFileReference section */
		F98FD23725B9B9CC0050C23A /* Demo Tweet View.app */ = {isa = PBXFileReference; explicitFileType = wrapper.application; includeInIndex = 0; path = "Demo Tweet View.app"; sourceTree = BUILT_PRODUCTS_DIR; };
		F98FD23A25B9B9CC0050C23A /* AppDelegate.swift */ = {isa = PBXFileReference; lastKnownFileType = sourcecode.swift; path = AppDelegate.swift; sourceTree = "<group>"; };
		F98FD23C25B9B9CC0050C23A /* SceneDelegate.swift */ = {isa = PBXFileReference; lastKnownFileType = sourcecode.swift; path = SceneDelegate.swift; sourceTree = "<group>"; };
		F98FD23E25B9B9CC0050C23A /* ViewController.swift */ = {isa = PBXFileReference; lastKnownFileType = sourcecode.swift; path = ViewController.swift; sourceTree = "<group>"; };
		F98FD24125B9B9CC0050C23A /* Base */ = {isa = PBXFileReference; lastKnownFileType = file.storyboard; name = Base; path = Base.lproj/Main.storyboard; sourceTree = "<group>"; };
		F98FD24325B9B9CD0050C23A /* Assets.xcassets */ = {isa = PBXFileReference; lastKnownFileType = folder.assetcatalog; path = Assets.xcassets; sourceTree = "<group>"; };
		F98FD24625B9B9CD0050C23A /* Base */ = {isa = PBXFileReference; lastKnownFileType = file.storyboard; name = Base; path = Base.lproj/LaunchScreen.storyboard; sourceTree = "<group>"; };
		F98FD24825B9B9CD0050C23A /* Info.plist */ = {isa = PBXFileReference; lastKnownFileType = text.plist.xml; path = Info.plist; sourceTree = "<group>"; };
		F98FD25A25B9BAB60050C23A /* TweetView.swift */ = {isa = PBXFileReference; fileEncoding = 4; lastKnownFileType = sourcecode.swift; name = TweetView.swift; path = ../Sources/TweetView/TweetView.swift; sourceTree = "<group>"; };
		F98FD25B25B9BAB60050C23A /* WidgetsJSManager.swift */ = {isa = PBXFileReference; fileEncoding = 4; lastKnownFileType = sourcecode.swift; name = WidgetsJSManager.swift; path = ../Sources/TweetView/WidgetsJSManager.swift; sourceTree = "<group>"; };
/* End PBXFileReference section */

/* Begin PBXFrameworksBuildPhase section */
		F98FD23425B9B9CC0050C23A /* Frameworks */ = {
			isa = PBXFrameworksBuildPhase;
			buildActionMask = 2147483647;
			files = (
			);
			runOnlyForDeploymentPostprocessing = 0;
		};
/* End PBXFrameworksBuildPhase section */

/* Begin PBXGroup section */
		F98FD22E25B9B9CC0050C23A = {
			isa = PBXGroup;
			children = (
				F98FD23925B9B9CC0050C23A /* Demo Tweet View */,
				F98FD25A25B9BAB60050C23A /* TweetView.swift */,
				F98FD25B25B9BAB60050C23A /* WidgetsJSManager.swift */,
				F98FD23825B9B9CC0050C23A /* Products */,
			);
			sourceTree = "<group>";
		};
		F98FD23825B9B9CC0050C23A /* Products */ = {
			isa = PBXGroup;
			children = (
				F98FD23725B9B9CC0050C23A /* Demo Tweet View.app */,
			);
			name = Products;
			sourceTree = "<group>";
		};
		F98FD23925B9B9CC0050C23A /* Demo Tweet View */ = {
			isa = PBXGroup;
			children = (
				F98FD23A25B9B9CC0050C23A /* AppDelegate.swift */,
				F98FD23C25B9B9CC0050C23A /* SceneDelegate.swift */,
				F98FD23E25B9B9CC0050C23A /* ViewController.swift */,
				F98FD24025B9B9CC0050C23A /* Main.storyboard */,
				F98FD24325B9B9CD0050C23A /* Assets.xcassets */,
				F98FD24525B9B9CD0050C23A /* LaunchScreen.storyboard */,
				F98FD24825B9B9CD0050C23A /* Info.plist */,
			);
			path = "Demo Tweet View";
			sourceTree = "<group>";
		};
/* End PBXGroup section */

/* Begin PBXNativeTarget section */
		F98FD23625B9B9CC0050C23A /* Demo Tweet View */ = {
			isa = PBXNativeTarget;
			buildConfigurationList = F98FD24B25B9B9CD0050C23A /* Build configuration list for PBXNativeTarget "Demo Tweet View" */;
			buildPhases = (
				F98FD23325B9B9CC0050C23A /* Sources */,
				F98FD23425B9B9CC0050C23A /* Frameworks */,
				F98FD23525B9B9CC0050C23A /* Resources */,
			);
			buildRules = (
			);
			dependencies = (
			);
			name = "Demo Tweet View";
			productName = "Demo Tweet View";
			productReference = F98FD23725B9B9CC0050C23A /* Demo Tweet View.app */;
			productType = "com.apple.product-type.application";
		};
/* End PBXNativeTarget section */

/* Begin PBXProject section */
		F98FD22F25B9B9CC0050C23A /* Project object */ = {
			isa = PBXProject;
			attributes = {
				LastSwiftUpdateCheck = 1230;
				LastUpgradeCheck = 1230;
				TargetAttributes = {
					F98FD23625B9B9CC0050C23A = {
						CreatedOnToolsVersion = 12.3;
					};
				};
			};
			buildConfigurationList = F98FD23225B9B9CC0050C23A /* Build configuration list for PBXProject "Demo Tweet View" */;
			compatibilityVersion = "Xcode 9.3";
			developmentRegion = en;
			hasScannedForEncodings = 0;
			knownRegions = (
				en,
				Base,
			);
			mainGroup = F98FD22E25B9B9CC0050C23A;
			productRefGroup = F98FD23825B9B9CC0050C23A /* Products */;
			projectDirPath = "";
			projectRoot = "";
			targets = (
				F98FD23625B9B9CC0050C23A /* Demo Tweet View */,
			);
		};
/* End PBXProject section */

/* Begin PBXResourcesBuildPhase section */
		F98FD23525B9B9CC0050C23A /* Resources */ = {
			isa = PBXResourcesBuildPhase;
			buildActionMask = 2147483647;
			files = (
				F98FD24725B9B9CD0050C23A /* LaunchScreen.storyboard in Resources */,
				F98FD24425B9B9CD0050C23A /* Assets.xcassets in Resources */,
				F98FD24225B9B9CC0050C23A /* Main.storyboard in Resources */,
			);
			runOnlyForDeploymentPostprocessing = 0;
		};
/* End PBXResourcesBuildPhase section */

/* Begin PBXSourcesBuildPhase section */
		F98FD23325B9B9CC0050C23A /* Sources */ = {
			isa = PBXSourcesBuildPhase;
			buildActionMask = 2147483647;
			files = (
				F98FD23F25B9B9CC0050C23A /* ViewController.swift in Sources */,
				F98FD25D25B9BAB60050C23A /* WidgetsJSManager.swift in Sources */,
				F98FD23B25B9B9CC0050C23A /* AppDelegate.swift in Sources */,
				F98FD25C25B9BAB60050C23A /* TweetView.swift in Sources */,
				F98FD23D25B9B9CC0050C23A /* SceneDelegate.swift in Sources */,
			);
			runOnlyForDeploymentPostprocessing = 0;
		};
/* End PBXSourcesBuildPhase section */

/* Begin PBXVariantGroup section */
		F98FD24025B9B9CC0050C23A /* Main.storyboard */ = {
			isa = PBXVariantGroup;
			children = (
				F98FD24125B9B9CC0050C23A /* Base */,
			);
			name = Main.storyboard;
			sourceTree = "<group>";
		};
		F98FD24525B9B9CD0050C23A /* LaunchScreen.storyboard */ = {
			isa = PBXVariantGroup;
			children = (
				F98FD24625B9B9CD0050C23A /* Base */,
			);
			name = LaunchScreen.storyboard;
			sourceTree = "<group>";
		};
/* End PBXVariantGroup section */

/* Begin XCBuildConfiguration section */
		F98FD24925B9B9CD0050C23A /* Debug */ = {
			isa = XCBuildConfiguration;
			buildSettings = {
				ALWAYS_SEARCH_USER_PATHS = NO;
				CLANG_ANALYZER_NONNULL = YES;
				CLANG_ANALYZER_NUMBER_OBJECT_CONVERSION = YES_AGGRESSIVE;
				CLANG_CXX_LANGUAGE_STANDARD = "gnu++14";
				CLANG_CXX_LIBRARY = "libc++";
				CLANG_ENABLE_MODULES = YES;
				CLANG_ENABLE_OBJC_ARC = YES;
				CLANG_ENABLE_OBJC_WEAK = YES;
				CLANG_WARN_BLOCK_CAPTURE_AUTORELEASING = YES;
				CLANG_WARN_BOOL_CONVERSION = YES;
				CLANG_WARN_COMMA = YES;
				CLANG_WARN_CONSTANT_CONVERSION = YES;
				CLANG_WARN_DEPRECATED_OBJC_IMPLEMENTATIONS = YES;
				CLANG_WARN_DIRECT_OBJC_ISA_USAGE = YES_ERROR;
				CLANG_WARN_DOCUMENTATION_COMMENTS = YES;
				CLANG_WARN_EMPTY_BODY = YES;
				CLANG_WARN_ENUM_CONVERSION = YES;
				CLANG_WARN_INFINITE_RECURSION = YES;
				CLANG_WARN_INT_CONVERSION = YES;
				CLANG_WARN_NON_LITERAL_NULL_CONVERSION = YES;
				CLANG_WARN_OBJC_IMPLICIT_RETAIN_SELF = YES;
				CLANG_WARN_OBJC_LITERAL_CONVERSION = YES;
				CLANG_WARN_OBJC_ROOT_CLASS = YES_ERROR;
				CLANG_WARN_QUOTED_INCLUDE_IN_FRAMEWORK_HEADER = YES;
				CLANG_WARN_RANGE_LOOP_ANALYSIS = YES;
				CLANG_WARN_STRICT_PROTOTYPES = YES;
				CLANG_WARN_SUSPICIOUS_MOVE = YES;
				CLANG_WARN_UNGUARDED_AVAILABILITY = YES_AGGRESSIVE;
				CLANG_WARN_UNREACHABLE_CODE = YES;
				CLANG_WARN__DUPLICATE_METHOD_MATCH = YES;
				COPY_PHASE_STRIP = NO;
				DEBUG_INFORMATION_FORMAT = dwarf;
				ENABLE_STRICT_OBJC_MSGSEND = YES;
				ENABLE_TESTABILITY = YES;
				GCC_C_LANGUAGE_STANDARD = gnu11;
				GCC_DYNAMIC_NO_PIC = NO;
				GCC_NO_COMMON_BLOCKS = YES;
				GCC_OPTIMIZATION_LEVEL = 0;
				GCC_PREPROCESSOR_DEFINITIONS = (
					"DEBUG=1",
					"$(inherited)",
				);
				GCC_WARN_64_TO_32_BIT_CONVERSION = YES;
				GCC_WARN_ABOUT_RETURN_TYPE = YES_ERROR;
				GCC_WARN_UNDECLARED_SELECTOR = YES;
				GCC_WARN_UNINITIALIZED_AUTOS = YES_AGGRESSIVE;
				GCC_WARN_UNUSED_FUNCTION = YES;
				GCC_WARN_UNUSED_VARIABLE = YES;
				IPHONEOS_DEPLOYMENT_TARGET = 14.3;
				MTL_ENABLE_DEBUG_INFO = INCLUDE_SOURCE;
				MTL_FAST_MATH = YES;
				ONLY_ACTIVE_ARCH = YES;
				SDKROOT = iphoneos;
				SWIFT_ACTIVE_COMPILATION_CONDITIONS = DEBUG;
				SWIFT_OPTIMIZATION_LEVEL = "-Onone";
			};
			name = Debug;
		};
		F98FD24A25B9B9CD0050C23A /* Release */ = {
			isa = XCBuildConfiguration;
			buildSettings = {
				ALWAYS_SEARCH_USER_PATHS = NO;
				CLANG_ANALYZER_NONNULL = YES;
				CLANG_ANALYZER_NUMBER_OBJECT_CONVERSION = YES_AGGRESSIVE;
				CLANG_CXX_LANGUAGE_STANDARD = "gnu++14";
				CLANG_CXX_LIBRARY = "libc++";
				CLANG_ENABLE_MODULES = YES;
				CLANG_ENABLE_OBJC_ARC = YES;
				CLANG_ENABLE_OBJC_WEAK = YES;
				CLANG_WARN_BLOCK_CAPTURE_AUTORELEASING = YES;
				CLANG_WARN_BOOL_CONVERSION = YES;
				CLANG_WARN_COMMA = YES;
				CLANG_WARN_CONSTANT_CONVERSION = YES;
				CLANG_WARN_DEPRECATED_OBJC_IMPLEMENTATIONS = YES;
				CLANG_WARN_DIRECT_OBJC_ISA_USAGE = YES_ERROR;
				CLANG_WARN_DOCUMENTATION_COMMENTS = YES;
				CLANG_WARN_EMPTY_BODY = YES;
				CLANG_WARN_ENUM_CONVERSION = YES;
				CLANG_WARN_INFINITE_RECURSION = YES;
				CLANG_WARN_INT_CONVERSION = YES;
				CLANG_WARN_NON_LITERAL_NULL_CONVERSION = YES;
				CLANG_WARN_OBJC_IMPLICIT_RETAIN_SELF = YES;
				CLANG_WARN_OBJC_LITERAL_CONVERSION = YES;
				CLANG_WARN_OBJC_ROOT_CLASS = YES_ERROR;
				CLANG_WARN_QUOTED_INCLUDE_IN_FRAMEWORK_HEADER = YES;
				CLANG_WARN_RANGE_LOOP_ANALYSIS = YES;
				CLANG_WARN_STRICT_PROTOTYPES = YES;
				CLANG_WARN_SUSPICIOUS_MOVE = YES;
				CLANG_WARN_UNGUARDED_AVAILABILITY = YES_AGGRESSIVE;
				CLANG_WARN_UNREACHABLE_CODE = YES;
				CLANG_WARN__DUPLICATE_METHOD_MATCH = YES;
				COPY_PHASE_STRIP = NO;
				DEBUG_INFORMATION_FORMAT = "dwarf-with-dsym";
				ENABLE_NS_ASSERTIONS = NO;
				ENABLE_STRICT_OBJC_MSGSEND = YES;
				GCC_C_LANGUAGE_STANDARD = gnu11;
				GCC_NO_COMMON_BLOCKS = YES;
				GCC_WARN_64_TO_32_BIT_CONVERSION = YES;
				GCC_WARN_ABOUT_RETURN_TYPE = YES_ERROR;
				GCC_WARN_UNDECLARED_SELECTOR = YES;
				GCC_WARN_UNINITIALIZED_AUTOS = YES_AGGRESSIVE;
				GCC_WARN_UNUSED_FUNCTION = YES;
				GCC_WARN_UNUSED_VARIABLE = YES;
				IPHONEOS_DEPLOYMENT_TARGET = 14.3;
				MTL_ENABLE_DEBUG_INFO = NO;
				MTL_FAST_MATH = YES;
				SDKROOT = iphoneos;
				SWIFT_COMPILATION_MODE = wholemodule;
				SWIFT_OPTIMIZATION_LEVEL = "-O";
				VALIDATE_PRODUCT = YES;
			};
			name = Release;
		};
		F98FD24C25B9B9CD0050C23A /* Debug */ = {
			isa = XCBuildConfiguration;
			buildSettings = {
				ASSETCATALOG_COMPILER_APPICON_NAME = AppIcon;
				ASSETCATALOG_COMPILER_GLOBAL_ACCENT_COLOR_NAME = AccentColor;
				CODE_SIGN_STYLE = Automatic;
				INFOPLIST_FILE = "Demo Tweet View/Info.plist";
				LD_RUNPATH_SEARCH_PATHS = (
					"$(inherited)",
					"@executable_path/Frameworks",
				);
				PRODUCT_BUNDLE_IDENTIFIER = "co.estamp.demo.Demo-Tweet-View";
				PRODUCT_NAME = "$(TARGET_NAME)";
				SWIFT_VERSION = 5.0;
				TARGETED_DEVICE_FAMILY = "1,2";
			};
			name = Debug;
		};
		F98FD24D25B9B9CD0050C23A /* Release */ = {
			isa = XCBuildConfiguration;
			buildSettings = {
				ASSETCATALOG_COMPILER_APPICON_NAME = AppIcon;
				ASSETCATALOG_COMPILER_GLOBAL_ACCENT_COLOR_NAME = AccentColor;
				CODE_SIGN_STYLE = Automatic;
				INFOPLIST_FILE = "Demo Tweet View/Info.plist";
				LD_RUNPATH_SEARCH_PATHS = (
					"$(inherited)",
					"@executable_path/Frameworks",
				);
				PRODUCT_BUNDLE_IDENTIFIER = "co.estamp.demo.Demo-Tweet-View";
				PRODUCT_NAME = "$(TARGET_NAME)";
				SWIFT_VERSION = 5.0;
				TARGETED_DEVICE_FAMILY = "1,2";
			};
			name = Release;
		};
/* End XCBuildConfiguration section */

/* Begin XCConfigurationList section */
		F98FD23225B9B9CC0050C23A /* Build configuration list for PBXProject "Demo Tweet View" */ = {
			isa = XCConfigurationList;
			buildConfigurations = (
				F98FD24925B9B9CD0050C23A /* Debug */,
				F98FD24A25B9B9CD0050C23A /* Release */,
			);
			defaultConfigurationIsVisible = 0;
			defaultConfigurationName = Release;
		};
		F98FD24B25B9B9CD0050C23A /* Build configuration list for PBXNativeTarget "Demo Tweet View" */ = {
			isa = XCConfigurationList;
			buildConfigurations = (
				F98FD24C25B9B9CD0050C23A /* Debug */,
				F98FD24D25B9B9CD0050C23A /* Release */,
			);
			defaultConfigurationIsVisible = 0;
			defaultConfigurationName = Release;
		};
/* End XCConfigurationList section */
	};
	rootObject = F98FD22F25B9B9CC0050C23A /* Project object */;
}
